Microsoft Visual Studio Solution File, Format Version 12.00
# Visual Studio Version 16
VisualStudioVersion = 16.0.30503.244
MinimumVisualStudioVersion = 10.0.40219.1
Project("{FAE04EC0-301F-11D3-BF4B-00C04F79EFBC}") = "Regula.OpenApi.WebClient", "src\Regula.OpenApi.WebClient\Regula.OpenApi.WebClient.csproj", "{21FC9582-EA65-4043-ABF6-BD436E3CCD10}"
EndProject
Project("{FAE04EC0-301F-11D3-BF4B-00C04F79EFBC}") = "Regula.OpenApi.Example", "src\Regula.OpenApi.Example\Regula.OpenApi.Example.csproj", "{82676663-B0DF-45A5-BB31-701EC98D6CE2}"
EndProject
Project("{FAE04EC0-301F-11D3-BF4B-00C04F79EFBC}") = "Regula.OpenApi.NetCoreExample", "src\Regula.OpenApi.NetCoreExample\Regula.OpenApi.NetCoreExample.csproj", "{327BC4A9-EDDD-4860-8959-417BC94D96F7}"
EndProject
Global
	GlobalSection(SolutionConfigurationPlatforms) = preSolution
		Debug|Any CPU = Debug|Any CPU
		Release|Any CPU = Release|Any CPU
	EndGlobalSection
	GlobalSection(ProjectConfigurationPlatforms) = postSolution
		{21FC9582-EA65-4043-ABF6-BD436E3CCD10}.Debug|Any CPU.ActiveCfg = Debug|Any CPU
		{21FC9582-EA65-4043-ABF6-BD436E3CCD10}.Debug|Any CPU.Build.0 = Debug|Any CPU
		{21FC9582-EA65-4043-ABF6-BD436E3CCD10}.Release|Any CPU.ActiveCfg = Release|Any CPU
		{21FC9582-EA65-4043-ABF6-BD436E3CCD10}.Release|Any CPU.Build.0 = Release|Any CPU
		{82676663-B0DF-45A5-BB31-701EC98D6CE2}.Debug|Any CPU.ActiveCfg = Debug|Any CPU
		{82676663-B0DF-45A5-BB31-701EC98D6CE2}.Debug|Any CPU.Build.0 = Debug|Any CPU
		{82676663-B0DF-45A5-BB31-701EC98D6CE2}.Release|Any CPU.ActiveCfg = Release|Any CPU
		{82676663-B0DF-45A5-BB31-701EC98D6CE2}.Release|Any CPU.Build.0 = Release|Any CPU
		{327BC4A9-EDDD-4860-8959-417BC94D96F7}.Debug|Any CPU.ActiveCfg = Debug|Any CPU
		{327BC4A9-EDDD-4860-8959-417BC94D96F7}.Debug|Any CPU.Build.0 = Debug|Any CPU
		{327BC4A9-EDDD-4860-8959-417BC94D96F7}.Release|Any CPU.ActiveCfg = Release|Any CPU
		{327BC4A9-EDDD-4860-8959-417BC94D96F7}.Release|Any CPU.Build.0 = Release|Any CPU
	EndGlobalSection
	GlobalSection(SolutionProperties) = preSolution
		HideSolutionNode = FALSE
	EndGlobalSection
	GlobalSection(ExtensibilityGlobals) = postSolution
		SolutionGuid = {CA913249-3170-415D-90CC-D3330094CEB8}
	EndGlobalSection
EndGlobal
