Microsoft Visual Studio Solution File, Format Version 12.00
# Visual Studio Version 16
VisualStudioVersion = 16.0.30503.244
MinimumVisualStudioVersion = 10.0.40219.1
Project("{9A19103F-16F7-4668-BE54-9A1E7A4F7556}") = "Regula.DocumentReader.WebClient", "src\Regula.DocumentReader.WebClient\Regula.DocumentReader.WebClient.csproj", "{21FC9582-EA65-4043-ABF6-BD436E3CCD10}"
EndProject
Project("{9A19103F-16F7-4668-BE54-9A1E7A4F7556}") = "Regula.DocumentReader.NetCoreExample", "src\Regula.DocumentReader.NetCoreExample\Regula.DocumentReader.NetCoreExample.csproj", "{EA417402-2843-4CA5-B712-4CD9425C02E4}"
EndProject
Project("{FAE04EC0-301F-11D3-BF4B-00C04F79EFBC}") = "Regula.DocumentReader.NetCoreExampleEncryptedRcl", "src\Regula.DocumentReader.NetCoreExampleEncryptedRcl\Regula.DocumentReader.NetCoreExampleEncryptedRcl.csproj", "{1A61741A-298F-4722-8626-00DF9787C683}"
EndProject
Project("{FAE04EC0-301F-11D3-BF4B-00C04F79EFBC}") = "Regula.DocumentReader.NetCoreExamplePortraitComparison", "src\Regula.DocumentReader.NetCoreExamplePortraitComparison\Regula.DocumentReader.NetCoreExamplePortraitComparison.csproj", "{DC05980A-7291-4BD2-B9E6-AA0EAADD6198}"
EndProject
Global
	GlobalSection(SolutionConfigurationPlatforms) = preSolution
		Debug|Any CPU = Debug|Any CPU
		Release|Any CPU = Release|Any CPU
	EndGlobalSection
	GlobalSection(ProjectConfigurationPlatforms) = postSolution
		{21FC9582-EA65-4043-ABF6-BD436E3CCD10}.Debug|Any CPU.ActiveCfg = Debug|Any CPU
		{21FC9582-EA65-4043-ABF6-BD436E3CCD10}.Debug|Any CPU.Build.0 = Debug|Any CPU
		{21FC9582-EA65-4043-ABF6-BD436E3CCD10}.Release|Any CPU.ActiveCfg = Release|Any CPU
		{21FC9582-EA65-4043-ABF6-BD436E3CCD10}.Release|Any CPU.Build.0 = Release|Any CPU
		{EA417402-2843-4CA5-B712-4CD9425C02E4}.Debug|Any CPU.ActiveCfg = Debug|Any CPU
		{EA417402-2843-4CA5-B712-4CD9425C02E4}.Debug|Any CPU.Build.0 = Debug|Any CPU
		{EA417402-2843-4CA5-B712-4CD9425C02E4}.Release|Any CPU.ActiveCfg = Release|Any CPU
		{EA417402-2843-4CA5-B712-4CD9425C02E4}.Release|Any CPU.Build.0 = Release|Any CPU
		{1A61741A-298F-4722-8626-00DF9787C683}.Debug|Any CPU.ActiveCfg = Debug|Any CPU
		{1A61741A-298F-4722-8626-00DF9787C683}.Debug|Any CPU.Build.0 = Debug|Any CPU
		{1A61741A-298F-4722-8626-00DF9787C683}.Release|Any CPU.ActiveCfg = Release|Any CPU
		{1A61741A-298F-4722-8626-00DF9787C683}.Release|Any CPU.Build.0 = Release|Any CPU
		{DC05980A-7291-4BD2-B9E6-AA0EAADD6198}.Debug|Any CPU.ActiveCfg = Debug|Any CPU
		{DC05980A-7291-4BD2-B9E6-AA0EAADD6198}.Debug|Any CPU.Build.0 = Debug|Any CPU
		{DC05980A-7291-4BD2-B9E6-AA0EAADD6198}.Release|Any CPU.ActiveCfg = Release|Any CPU
		{DC05980A-7291-4BD2-B9E6-AA0EAADD6198}.Release|Any CPU.Build.0 = Release|Any CPU
	EndGlobalSection
	GlobalSection(SolutionProperties) = preSolution
		HideSolutionNode = FALSE
	EndGlobalSection
	GlobalSection(ExtensibilityGlobals) = postSolution
		SolutionGuid = {CA913249-3170-415D-90CC-D3330094CEB8}
	EndGlobalSection
EndGlobal
