Microsoft Visual Studio Solution File, Format Version 12.00
# Visual Studio Version 16
VisualStudioVersion = 16.0.30503.244
MinimumVisualStudioVersion = 10.0.40219.1
Project("{FAE04EC0-301F-11D3-BF4B-00C04F79EFBC}") = "Regula.DocumentReader.WebClient", "src\Regula.DocumentReader.WebClient\Regula.DocumentReader.WebClient.csproj", "{21FC9582-EA65-4043-ABF6-BD436E3CCD10}"
Project("{FAE04EC0-301F-11D3-BF4B-00C04F79EFBC}") = "Regula.DocumentReader.NetCoreExample", "src\Regula.DocumentReader.NetCoreExample\Regula.DocumentReader.NetCoreExample.csproj", "{21FC9582-EA65-4043-ABF6-BD436E3CCD10}"
EndProject
Global
	GlobalSection(SolutionConfigurationPlatforms) = preSolution
		Debug|Any CPU = Debug|Any CPU
		Release|Any CPU = Release|Any CPU
	EndGlobalSection
	GlobalSection(ProjectConfigurationPlatforms) = postSolution
		{21FC9582-EA65-4043-ABF6-BD436E3CCD10}.Debug|Any CPU.ActiveCfg = Debug|Any CPU
		{21FC9582-EA65-4043-ABF6-BD436E3CCD10}.Debug|Any CPU.Build.0 = Debug|Any CPU
		{21FC9582-EA65-4043-ABF6-BD436E3CCD10}.Release|Any CPU.ActiveCfg = Release|Any CPU
		{21FC9582-EA65-4043-ABF6-BD436E3CCD10}.Release|Any CPU.Build.0 = Release|Any CPU
	EndGlobalSection
	GlobalSection(SolutionProperties) = preSolution
		HideSolutionNode = FALSE
	EndGlobalSection
	GlobalSection(ExtensibilityGlobals) = postSolution
		SolutionGuid = {CA913249-3170-415D-90CC-D3330094CEB8}
	EndGlobalSection
EndGlobal
